# Language arbiter lock. Generated by: bash scripts/check-test-lock.sh --update
#
# packages/core/tests/language/ is the language behaviour specification.
# An entry changing here means the arbiter changed. That must be a language
# spec change, never a fix to make an implementation change pass.
#
# 98 files.
719d3774b3bccd739707f22c8ae9863ba19e5af493221e2461d74dbd7a72260d  packages/core/tests/language/access-halt.test.ts
1121f6bbc87db54826b89e5040cf34fd20b23b2528449c397d0ae6b64e353ac9  packages/core/tests/language/annotations.test.ts
5e3022aec149d60b6e9d0ce1f7e3c319225f9591cd629022e99ed1cab6903656  packages/core/tests/language/anonymous-typed-closure-reflection.test.ts
ad9b4eb1bf5d6fbd806410b87aac72069b53f9f32839e4dd0ee9cb292baec52b  packages/core/tests/language/anonymous-typed-closure.test.ts
fbb31ebdb519f3969db6acde9d7a982b0e19772506b7511df52e1a25fe2f948a  packages/core/tests/language/args.test.ts
647b3cacab99904cad02f54998d17a996d14e6a97267adf83d0bf3503af7b2d2  packages/core/tests/language/arithmetic.test.ts
a5ade49fd5117e18e01e3e5bf60d6b2c240442d85c7330b3cfbe337955f24b35  packages/core/tests/language/assert.test.ts
06b48dc637b4ef4904b6b1dee3aebd893d3c4f9d03d0e13ed6bc52689a48b0f3  packages/core/tests/language/atoms.test.ts
3494dea880680a2b9d530a743db1a33bc28b08522b60d8546a50187bf3582754  packages/core/tests/language/bare-syntax.test.ts
043149c6c092cbf0a5743a4f56f65b43878d8136f530005bb4ec860cea2c21e2  packages/core/tests/language/block-scoping.test.ts
d677c7610d0f1cfbfe23cbc291616dd5c8cbfb08b1e503d7a3c7c209bed59a6e  packages/core/tests/language/boolean.test.ts
221e20dc4b699f1acb8892aa829f82d87d722e9ee5838113b11ce4e0e558f403  packages/core/tests/language/capture-types.test.ts
0f02358373176ba61380e1e0555da93be2a107c674b2cdf5abecd888532044f4  packages/core/tests/language/chain.test.ts
b5a6a505ab8fdc820f87d352762a064171e1e27a33cdaf70270e54998e0e2d56  packages/core/tests/language/closure-annotation-defaults.test.ts
f0685e165eb6e95dd0c417ff5c95f3bd9bcef776ad9214b0525554e58e0f0aae  packages/core/tests/language/closure-auto-invoke.test.ts
0f090b979a44ef24dc3ef55ab6a7ed7b39f671ff656a96eece23596af8c066b8  packages/core/tests/language/closure-equality.test.ts
44252eb8e69e3dad8619328dbf7e547e3460677b52368d508e534441223877d7  packages/core/tests/language/closure-hoist-validation.test.ts
4820829ec46e9884a1416c5914763b968487564fe767b0d544df07b21fb6e69c  packages/core/tests/language/closure-semantics.test.ts
3c41e989e6f899dce950bbd5e5609c41e749c2b51acb12ba945c986ebe469220  packages/core/tests/language/collection-literals.test.ts
0487c326d5ece70f6e0646585b6daab37256a8d3357bcb8b467201f08b3c8b83  packages/core/tests/language/collection-operators.test.ts
2ad479981b3c8c955ad71db22767c0f9bf5dc96def87e74c79b2e393c36bbd8a  packages/core/tests/language/collection-type-defaults-bugs.test.ts
fa797f6e3d1a2186546391821bd7b9922bc8cd02218fc3c72cbeea48948d735a  packages/core/tests/language/conditionals.test.ts
25e930977da138c6cafce77076d093465b33f0e764c1b4e730000b24701d1998  packages/core/tests/language/consolidation.test.ts
6b3c497b31dd1ae26bc6f86f2c010e3eeb24da432b2428ac3f9514045258bddb  packages/core/tests/language/conversion.test.ts
fd87b1e0baab4ae2ca91e23c2096d9b94d00873a48af938e13395b011cd50f6e  packages/core/tests/language/datetime.test.ts
9239892dceca2dc0f5b483f1966a62cb3a8f0d229fd7315883f0ad798fa382b9  packages/core/tests/language/default-value-operator.test.ts
283edc5a77b3d536d92872033ed512f91de2387145e1fdf6af1c18b529073acb  packages/core/tests/language/destruct-slice-keyword.test.ts
90f78a510fbb52ada656c96ae41b2e96fb07856427b1ab86d2000513baffc745  packages/core/tests/language/dict-dispatch.test.ts
6240f8512d33dccc8b04152f45d39fbf77a52b370c8cdf7a8729877ad67443aa  packages/core/tests/language/dict-field-annotations.test.ts
b87c6f53880e85c05ea01564caf4c28695e72d100b62af959c13c4571ea7cda1  packages/core/tests/language/dict-key-form.test.ts
d219554793d6428c7ebab89797cf97a244c8e74e42df89119b6779f1bc57c0ef  packages/core/tests/language/dict-variable-keys.test.ts
ba7ef2f4e9aa9cdaef0cc197bd9a0c3efe400c78012a8bc5070df047842f0e1a  packages/core/tests/language/dict.test.ts
cd5c650c1f5460bac49e1a5c1495586d34f4166efb6105cf7328c2a82944ece6  packages/core/tests/language/duration.test.ts
41b6c8bb3603f7bfcf714d1d1ddff7bd2c4cf9da36b3b6a55bc26dd713826e2b  packages/core/tests/language/dynamic-field-access.test.ts
dbb24e53ce61f201146505ed39c04c3588ec585890b190e4f9f4ccfd55317d13  packages/core/tests/language/error.test.ts
f8c64bf706a636d1498b1577df78b38cf6751349ebf9b84ad76706a5414403ed  packages/core/tests/language/existence-check-dynamic.test.ts
1b10f1dcef04d38fd5757487bc072d704f6949d0b3fb329b83a2d228dd9b8767  packages/core/tests/language/existence-check.test.ts
b5f3a23b9a5a5e58bc57f768d6df365a695c1aaba65f75f6aeedf40f50c92c67  packages/core/tests/language/expressions.test.ts
31b0234d7853be26d60b0188b35c1d5561fa3d091be75e7e4a7f7cec33cc9f5e  packages/core/tests/language/extraction.test.ts
a5d9355ff1f70166d7eb4d5196b8a32f9bbeebf5eb21715ac2ccfdbdc5422282  packages/core/tests/language/frontmatter.test.ts
e33c47615bf01445d7e6db2d05b10c33007a33e412e43d781157dbf1f93e0e0b  packages/core/tests/language/functions.test.ts
33e9c021943e97ba51ec158e93081055978ef0709bc95001899d0ebc9e365558  packages/core/tests/language/guard-retry.test.ts
5f68f8d31c339c2907606fc68936b5671368eb7af06bce661fe9fd504c8b52b5  packages/core/tests/language/hierarchical-dispatch.test.ts
cb4217019805e9c785c5da9ed54a5e342d9b8c9121f8e1d9c5e766d1559d04a8  packages/core/tests/language/identifier-prototype-names.test.ts
93899cddc19610cb85ef0e9ee3cafca1d075634a1e29f00e9341456b79f7a93c  packages/core/tests/language/interpolation-locations.test.ts
b658e2dece2f2b447ca14622e0713576e7cbd1197267dfc1049d2ba0e3427c22  packages/core/tests/language/interpolation.test.ts
30c19862d392d5b49c2b0b8fc9d60eff3e6bd336be1c21daf62b3df37abeb50c  packages/core/tests/language/iterate.test.ts
40adbf40bff7979d1878428c4258cc2213fe48b4831aded6c50671cf97651b8d  packages/core/tests/language/iterators.test.ts
bba0f3d8d4ae380eddc78ce47b844b3dbb122ddfddf4d1ea595761f1eb263c6e  packages/core/tests/language/late-bound-closures.test.ts
781b2e61d51ea6f97d89a23dc10c4d3611479d72a7b0276e38f3d344679654fb  packages/core/tests/language/lexer-capture-arrow.test.ts
2de34ecd76950f024b5e7af92e879d0d9b81abf44364c576f3798b3270b9c367  packages/core/tests/language/list-dispatch.test.ts
f1c7a0ce1bcc3c98a8682f153cab554ab9b5d31274548aff360aff83908efd61  packages/core/tests/language/list-membership.test.ts
f7030ab398b5597291c75a6e74d8dc2f52eda8de29f6c278f1e7f235793a00d1  packages/core/tests/language/literals.test.ts
2a41c8e907dcdb0166248049fd5922845b7ed951f175c3e93abbec3bd40cc309  packages/core/tests/language/loops.test.ts
f54694971a03457c2805f84d164373faf712918c2f32b360e1c25bfd9b33f9e0  packages/core/tests/language/methods.test.ts
ed404735fa34e11a9c0880dd6187af1f482addd2c734c3e2e651edab1b9eba25  packages/core/tests/language/namespaced-functions.test.ts
64d8075cfe283580891878262eeb406f2252b569224e21df4ef13ed144ff6b26  packages/core/tests/language/parameterized-destruct.test.ts
44d12a1b923c10ce80a55d4bcdb44b23c64e77bcee186dfdde3e90d5a00ac8a0  packages/core/tests/language/parameterized-existence.test.ts
bc3664e466f94693324c1fa5946aa92ee141873cfcb4473a2ae05136308d7530  packages/core/tests/language/parser-recovery.test.ts
19a03ce94abc51af5fb226480e9d509564af568aec109e6d299afa2a1fa7b2c8  packages/core/tests/language/parser-spans.test.ts
436ce7d3894e4964cda5b90bc678222a72a7088a216e0d5289e05d9f7bd01576  packages/core/tests/language/parser-syntax-errors.test.ts
a04fa84a471343be912e2eece097e01db03817a64af8e239f2aeb3f774614dca  packages/core/tests/language/pass-async.test.ts
428a3173097027c24d8a63c1b973414c44e5e637ee1fd407c12802aae5cf3916  packages/core/tests/language/pass-parsing.test.ts
068b23273128f1cf97b4831884c623e646d672cf2b89afb39a3043897d2a5f4b  packages/core/tests/language/pass.test.ts
ab50b9e041a2cd197a20587e55407c786d35bda887b481a347d2225cba9be97d  packages/core/tests/language/pipe-targets.test.ts
c0cb58820bed870704d909844c81fc93fd3cb9ef2d3a3788c005182ceed9a007  packages/core/tests/language/property-access.test.ts
6fd2e1a37a4cb5d50bcbe1fa5dd278339452db8da3c117e0743c75c19e978216  packages/core/tests/language/ref-llms-full-assertions.test.ts
6176f0dada7075f1f1766672729878e37f8b0a714118281457a3307423c8d52f  packages/core/tests/language/scope-isolation.test.ts
edb736f0f5003ce22b2ed396ed0c1d02aa82ae0944cba37811d5297a580139e6  packages/core/tests/language/sort.test.ts
e1776847da8b931f5773e5bcdb70998f18eec1dc87520d7916b90bd996abef56  packages/core/tests/language/spread.test.ts
6400cbc40e4685cf033a757823f3d39382489bdcc80c4ca645b8bb1bf5c42b48  packages/core/tests/language/statement-boundaries.test.ts
e40bcd948d58b2e0a9468e7a5a36b88c1192ea774358965a6b17f9407e6e680e  packages/core/tests/language/status-probe.test.ts
1aa5819b840beab076a5b2584949a5d42f87c2b1203714259686696e8ccb6fdf  packages/core/tests/language/stream-type-parsing.test.ts
e8bce774c3d41e1d092ec0b8312dc87f75366f1d590ca423af010ba737905b07  packages/core/tests/language/streams.test.ts
dd30d9395fc1ff333fd88ce01e892d772c777a6fb0df8c7f25e77232257d6733  packages/core/tests/language/string-dict-keys.test.ts
43b3f3d8007ff245a0ec35d4bd2bb7bee6ab5daa12b1017be8746336a93e84cd  packages/core/tests/language/strings.test.ts
a7c0bfece09536674f2143fbb5553a9738751f0c42c687ead17bfc3ce33dc63b  packages/core/tests/language/structural-type-boundaries.test.ts
9ee3edf0162a5133df325555c8742bf03a0610a7822709f85a38500443fc2f94  packages/core/tests/language/structural-type-defaults.test.ts
7c325890089014189362f2c4bf0ced5b3c190d1d397f0d377fe697c6847a64f2  packages/core/tests/language/structural-type-errors.test.ts
421095b922f440dfe5c6178ada38794d9ced0d8cb8ab460a144e83980caf90c3  packages/core/tests/language/structural-type-identity.test.ts
fcfc2fa42db73576817999617560c9f695bbdfdd32027012269fe10b63434010  packages/core/tests/language/throttling.test.ts
2893cdff3cefca546a09706e65ce3d3ff05293ba2c84cee9597ddaacca1f63fc  packages/core/tests/language/timeout.test.ts
3bab8fa20260ebe4eca3eedab4dcf31ff254b16272d5fc797d9752ac6c4f89df  packages/core/tests/language/to-shape-removed.test.ts
93ba6b906f4cf43a42b3e87e77b7213321da1bff4cf92d143826d310a090cdf7  packages/core/tests/language/trace-frames.test.ts
f9beead3a92d7b6d577b2288844112b16aec9368f30711d106b4053334fca6fa  packages/core/tests/language/type-assertions.test.ts
b39b90f5f60d0f4fa3d15eb3146b5635cd262531e143c74793a187b893eea9a2  packages/core/tests/language/type-ref-arg-unification.test.ts
b80f73bb8a26ab5b8c12d6ccb13445fa0faa3d75a96312a05735141000e54b98  packages/core/tests/language/type-values.test.ts
72d7cd858c9f889a3cb7c0557534e741d3048e0d5cb802ad4c1f71b2c05cf946  packages/core/tests/language/type-var-positions.test.ts
2f7ea721dfd9d9eb104657311c1e157c8eff383c4d16920908e1aedf05b39c5a  packages/core/tests/language/typed-atom-migration.test.ts
b481c0a506c67d30c244d6f9d360403352bc07bbc0f9dd61516230ad1d6a67d0  packages/core/tests/language/unified-dispatch.test.ts
e642375f8dce04dfd181bb076bd63fba2f6894ab1a628019c62a7631b2add49b  packages/core/tests/language/uniform-value-type.test.ts
638509c982a4539036ecb824bf3135660a20282c97f8d9c7159ae6d8ce366f28  packages/core/tests/language/union-types.test.ts
649046b7935201c925ba11767992c9c0dfb199661ded27d05a3779adf141a4f7  packages/core/tests/language/use-expr.test.ts
4653ac606a658d04ec6d8943eef31093b5d5b0c51ebb91ecb70fb85d69be767b  packages/core/tests/language/vacancy-coerce.test.ts
430ca46cac1368974a677c9481c9375b4036b2ec9fa2356368224950a7151deb  packages/core/tests/language/variable-method-calls.test.ts
a57d7e76e70be50f3528fb16402ba7c5346b374132810e8175e9bd81b47c038d  packages/core/tests/language/variables.test.ts
5a8527139bbb79ccf6e63b8b27d76fe7f0aa5807b9f6451f9334c6f9e879f4cb  packages/core/tests/language/vectors.test.ts
ff7ba9658957597bb099e696e84aedac18fa087b23407de67cbecc5a0aee8ab6  packages/core/tests/language/whitespace-continuations.test.ts
