# Language arbiter lock. Generated by: bash scripts/check-test-lock.sh --update
#
# packages/core/tests/language/ is the language behaviour specification.
# An entry changing here means the arbiter changed. That must be a language
# spec change, never a fix to make an implementation change pass.
#
# 95 files.
719d3774b3bccd739707f22c8ae9863ba19e5af493221e2461d74dbd7a72260d  packages/core/tests/language/access-halt.test.ts
573547e52b9245cf0cdd7875ee0669cd7d2b1a35097fbff1292494135dd7dffb  packages/core/tests/language/annotations.test.ts
5e3022aec149d60b6e9d0ce1f7e3c319225f9591cd629022e99ed1cab6903656  packages/core/tests/language/anonymous-typed-closure-reflection.test.ts
ad9b4eb1bf5d6fbd806410b87aac72069b53f9f32839e4dd0ee9cb292baec52b  packages/core/tests/language/anonymous-typed-closure.test.ts
fbb31ebdb519f3969db6acde9d7a982b0e19772506b7511df52e1a25fe2f948a  packages/core/tests/language/args.test.ts
65d680e957d2cc5a4d1177fdd86a700064667412993db1993f751f3e40e11de5  packages/core/tests/language/arithmetic.test.ts
a5ade49fd5117e18e01e3e5bf60d6b2c240442d85c7330b3cfbe337955f24b35  packages/core/tests/language/assert.test.ts
d70fa7b395a6911d6a26e6dec802cfd0f73a2aba97983bd0237c509c510f02eb  packages/core/tests/language/atoms.test.ts
3494dea880680a2b9d530a743db1a33bc28b08522b60d8546a50187bf3582754  packages/core/tests/language/bare-syntax.test.ts
043149c6c092cbf0a5743a4f56f65b43878d8136f530005bb4ec860cea2c21e2  packages/core/tests/language/block-scoping.test.ts
073ec4c480e1510a6335a8d770d7dea26d4e075fa176f74526ad175fab86def8  packages/core/tests/language/boolean.test.ts
221e20dc4b699f1acb8892aa829f82d87d722e9ee5838113b11ce4e0e558f403  packages/core/tests/language/capture-types.test.ts
0f02358373176ba61380e1e0555da93be2a107c674b2cdf5abecd888532044f4  packages/core/tests/language/chain.test.ts
7162cc8e5aa88e0dcc3faebeb50b5e0a7b3bd8bfb2e5456da48078691f782b2a  packages/core/tests/language/closure-annotation-defaults.test.ts
f0685e165eb6e95dd0c417ff5c95f3bd9bcef776ad9214b0525554e58e0f0aae  packages/core/tests/language/closure-auto-invoke.test.ts
0f090b979a44ef24dc3ef55ab6a7ed7b39f671ff656a96eece23596af8c066b8  packages/core/tests/language/closure-equality.test.ts
44252eb8e69e3dad8619328dbf7e547e3460677b52368d508e534441223877d7  packages/core/tests/language/closure-hoist-validation.test.ts
867ff64f60284ad01eb865569df9f55c6512e8eb375b82f368ca36195953fd38  packages/core/tests/language/closure-semantics.test.ts
0f984cefc2ec363c72e44378462ff500a1f0329d9f198b35b62d5595cafe736e  packages/core/tests/language/collection-literals.test.ts
5c06f024ae31f19690eff809d516cf203f1198dd5bcd14d5d6b45a16bf86212c  packages/core/tests/language/collection-operators.test.ts
2ad479981b3c8c955ad71db22767c0f9bf5dc96def87e74c79b2e393c36bbd8a  packages/core/tests/language/collection-type-defaults-bugs.test.ts
766855d5fba5ccd741d7c58f8ee5e65765ff0d3c1bae788b461a5a0e122eeea7  packages/core/tests/language/conditionals.test.ts
25e930977da138c6cafce77076d093465b33f0e764c1b4e730000b24701d1998  packages/core/tests/language/consolidation.test.ts
1e9ca6230a4c685b0a5078295ee9cf35146a6fdbb39b8bad0bea8943f740fe44  packages/core/tests/language/conversion.test.ts
4cd43ae5e9ab1d71ec35f1a5b7504c37e558a479295fe0d8399f9d6dcc35b379  packages/core/tests/language/datetime.test.ts
5e7abd58335314c6078dd852bca5ff53d25659ff77d810beb49e64164d0d70b5  packages/core/tests/language/default-value-operator.test.ts
283edc5a77b3d536d92872033ed512f91de2387145e1fdf6af1c18b529073acb  packages/core/tests/language/destruct-slice-keyword.test.ts
7dcacf3c73e322ed296e7617a07b30b7f6fab9da84777d1f227ff627bedfd8de  packages/core/tests/language/dict-dispatch.test.ts
6240f8512d33dccc8b04152f45d39fbf77a52b370c8cdf7a8729877ad67443aa  packages/core/tests/language/dict-field-annotations.test.ts
abdd6ed0d54679932a27d14f553835dfc3b1edde97f111c54ce4eddc88fab0d4  packages/core/tests/language/dict-key-form.test.ts
20ac6be4258950fe92e04b7f907759d1d67fe46807fa57a3bca121f932aebd39  packages/core/tests/language/dict-variable-keys.test.ts
3f0de0a11d762f744a0643b2a959d6a7b3547fb5ae1bf5082a45b7203ebb0069  packages/core/tests/language/duration.test.ts
41b6c8bb3603f7bfcf714d1d1ddff7bd2c4cf9da36b3b6a55bc26dd713826e2b  packages/core/tests/language/dynamic-field-access.test.ts
dbb24e53ce61f201146505ed39c04c3588ec585890b190e4f9f4ccfd55317d13  packages/core/tests/language/error.test.ts
47b4e310692b8edd1abfa8815cf9ec0e2006d0304a80b020fbd5df6cc81091bb  packages/core/tests/language/existence-check-dynamic.test.ts
3ab473eccbc75d24095e3a27cc905e319ff30fd75fd497ecdd78fb9897586e9e  packages/core/tests/language/existence-check.test.ts
b5f3a23b9a5a5e58bc57f768d6df365a695c1aaba65f75f6aeedf40f50c92c67  packages/core/tests/language/expressions.test.ts
44527fd4c16079eeaddb36a78a39fa571ee2b0daf37647c67c451fb5072f30d1  packages/core/tests/language/extraction.test.ts
05363031a695e567ce32c67d713e4f82ae316da1e8bf84bfba28c6e7add9e322  packages/core/tests/language/frontmatter.test.ts
e33c47615bf01445d7e6db2d05b10c33007a33e412e43d781157dbf1f93e0e0b  packages/core/tests/language/functions.test.ts
33e9c021943e97ba51ec158e93081055978ef0709bc95001899d0ebc9e365558  packages/core/tests/language/guard-retry.test.ts
de7930f89b41b317583d1d3caabeab82ff44339fb90188ef5b2171ffa31d9a6e  packages/core/tests/language/hierarchical-dispatch.test.ts
9f39fc3f6856afc238682cfd9d134e54a36b3d17da7fd30718514dabe19a6351  packages/core/tests/language/interpolation-locations.test.ts
30c19862d392d5b49c2b0b8fc9d60eff3e6bd336be1c21daf62b3df37abeb50c  packages/core/tests/language/iterate.test.ts
236ac1e3c9443481a884d1547b4c809920b5c4fb9c56a2524dc3b50b18dda8ad  packages/core/tests/language/iterators.test.ts
bba0f3d8d4ae380eddc78ce47b844b3dbb122ddfddf4d1ea595761f1eb263c6e  packages/core/tests/language/late-bound-closures.test.ts
781b2e61d51ea6f97d89a23dc10c4d3611479d72a7b0276e38f3d344679654fb  packages/core/tests/language/lexer-capture-arrow.test.ts
2de34ecd76950f024b5e7af92e879d0d9b81abf44364c576f3798b3270b9c367  packages/core/tests/language/list-dispatch.test.ts
f1c7a0ce1bcc3c98a8682f153cab554ab9b5d31274548aff360aff83908efd61  packages/core/tests/language/list-membership.test.ts
b5266f8fe3ed4c02cb60ca1baa0786024eeddb263c2fa31ca5826b090627fd12  packages/core/tests/language/literals.test.ts
54cdb209c424bc7f443ec39da453193b2dbb656a6980552bfcd54fdded38fb51  packages/core/tests/language/loops.test.ts
1e0fd24a64d3d15edc4bcb03d6ffcd79b2c29f193cda2ca426be903f5669fda8  packages/core/tests/language/methods.test.ts
ed404735fa34e11a9c0880dd6187af1f482addd2c734c3e2e651edab1b9eba25  packages/core/tests/language/namespaced-functions.test.ts
64d8075cfe283580891878262eeb406f2252b569224e21df4ef13ed144ff6b26  packages/core/tests/language/parameterized-destruct.test.ts
44d12a1b923c10ce80a55d4bcdb44b23c64e77bcee186dfdde3e90d5a00ac8a0  packages/core/tests/language/parameterized-existence.test.ts
5c7cb6143d89b3b77337d1bff4d58d861d37184f7dd8522d092bbe817e84f310  packages/core/tests/language/parser-recovery.test.ts
ab1378434b4edaeb4cc3d6711b80a026d1909db7ff9a047c32efcb60f9213a18  packages/core/tests/language/parser-spans.test.ts
711adc1ad94e3cdadd52794371dfccf262176d86506dc7f5b70844bdf22dc4dd  packages/core/tests/language/parser-syntax-errors.test.ts
a04fa84a471343be912e2eece097e01db03817a64af8e239f2aeb3f774614dca  packages/core/tests/language/pass-async.test.ts
428a3173097027c24d8a63c1b973414c44e5e637ee1fd407c12802aae5cf3916  packages/core/tests/language/pass-parsing.test.ts
068b23273128f1cf97b4831884c623e646d672cf2b89afb39a3043897d2a5f4b  packages/core/tests/language/pass.test.ts
278c38ad2c5c983ab11fce9c5a919e7152ca053bffbb73bdd206b0a9d2506b2e  packages/core/tests/language/pipe-targets.test.ts
6714e07066645c0697fec1e0e1de812bc9c62e20a9cb3ebd95e815a86893a85b  packages/core/tests/language/property-access.test.ts
bbef854bbd05d29ac0c037f0828b90a7cc92566565256881f6639cc26902704f  packages/core/tests/language/ref-llms-full-assertions.test.ts
6176f0dada7075f1f1766672729878e37f8b0a714118281457a3307423c8d52f  packages/core/tests/language/scope-isolation.test.ts
137a80f72dba30a93d0d23c4e98f94b5849505b80209bf4981a64daddf309221  packages/core/tests/language/sort.test.ts
1c62adf284665a0043265da84bc13bed1672bcf233d4ac93a4fb4510a3d65c81  packages/core/tests/language/spread.test.ts
253227e2bdbb04e4bb500bf86446b12c769b9ab8e642f7de823ead42e2352662  packages/core/tests/language/statement-boundaries.test.ts
e40bcd948d58b2e0a9468e7a5a36b88c1192ea774358965a6b17f9407e6e680e  packages/core/tests/language/status-probe.test.ts
1aa5819b840beab076a5b2584949a5d42f87c2b1203714259686696e8ccb6fdf  packages/core/tests/language/stream-type-parsing.test.ts
50d2b138da2de46a373e1187a57adb953ce7c4a066c1b0c3580bc2981ce07cad  packages/core/tests/language/streams.test.ts
9d11da9916ea5909f67053346c8ccdaefab013f035645334922868270dd763f9  packages/core/tests/language/string-dict-keys.test.ts
c0b2ad3605a41e57c4a38c7d253cdd27c594aee619b3ab6cebac140653c97a46  packages/core/tests/language/strings.test.ts
a7c0bfece09536674f2143fbb5553a9738751f0c42c687ead17bfc3ce33dc63b  packages/core/tests/language/structural-type-boundaries.test.ts
229b4ae6b80d12fa3b5c6877ba3b3564a0eac48ecc419f160cdf446c4cf18c7b  packages/core/tests/language/structural-type-defaults.test.ts
7c325890089014189362f2c4bf0ced5b3c190d1d397f0d377fe697c6847a64f2  packages/core/tests/language/structural-type-errors.test.ts
421095b922f440dfe5c6178ada38794d9ced0d8cb8ab460a144e83980caf90c3  packages/core/tests/language/structural-type-identity.test.ts
fcfc2fa42db73576817999617560c9f695bbdfdd32027012269fe10b63434010  packages/core/tests/language/throttling.test.ts
2893cdff3cefca546a09706e65ce3d3ff05293ba2c84cee9597ddaacca1f63fc  packages/core/tests/language/timeout.test.ts
3bab8fa20260ebe4eca3eedab4dcf31ff254b16272d5fc797d9752ac6c4f89df  packages/core/tests/language/to-shape-removed.test.ts
93ba6b906f4cf43a42b3e87e77b7213321da1bff4cf92d143826d310a090cdf7  packages/core/tests/language/trace-frames.test.ts
f9beead3a92d7b6d577b2288844112b16aec9368f30711d106b4053334fca6fa  packages/core/tests/language/type-assertions.test.ts
b39b90f5f60d0f4fa3d15eb3146b5635cd262531e143c74793a187b893eea9a2  packages/core/tests/language/type-ref-arg-unification.test.ts
b80f73bb8a26ab5b8c12d6ccb13445fa0faa3d75a96312a05735141000e54b98  packages/core/tests/language/type-values.test.ts
72d7cd858c9f889a3cb7c0557534e741d3048e0d5cb802ad4c1f71b2c05cf946  packages/core/tests/language/type-var-positions.test.ts
2f7ea721dfd9d9eb104657311c1e157c8eff383c4d16920908e1aedf05b39c5a  packages/core/tests/language/typed-atom-migration.test.ts
b481c0a506c67d30c244d6f9d360403352bc07bbc0f9dd61516230ad1d6a67d0  packages/core/tests/language/unified-dispatch.test.ts
e642375f8dce04dfd181bb076bd63fba2f6894ab1a628019c62a7631b2add49b  packages/core/tests/language/uniform-value-type.test.ts
638509c982a4539036ecb824bf3135660a20282c97f8d9c7159ae6d8ce366f28  packages/core/tests/language/union-types.test.ts
649046b7935201c925ba11767992c9c0dfb199661ded27d05a3779adf141a4f7  packages/core/tests/language/use-expr.test.ts
8614f04f0ac4440411232a881b7001f6e5d2005ffefe75c8a46ee0a4d3c9f001  packages/core/tests/language/vacancy-coerce.test.ts
6a29738f6b94898e7473cef6901b5c8b477dec0cbb0c09526ca87fa692b08ef8  packages/core/tests/language/variable-method-calls.test.ts
83848dad718954c480861408cce871e17103f2b41f74f3e8f9ad7e1b51c7dabe  packages/core/tests/language/variables.test.ts
5a8527139bbb79ccf6e63b8b27d76fe7f0aa5807b9f6451f9334c6f9e879f4cb  packages/core/tests/language/vectors.test.ts
cfadd1441765cf015627c3d9a46ded9c9ce95b9aab401523b240eba4114d2582  packages/core/tests/language/whitespace-continuations.test.ts
